
Microsoft Visual Studio Solution File, Format Version 12.00
# Visual Studio Version 16
VisualStudioVersion = 16.0.30011.22
MinimumVisualStudioVersion = 10.0.40219.1
Project("{888888A0-9F3D-457C-B088-3A5042F75D52}") = "Skip_gram_Plus", "Skip_gram_Plus.pyproj", "{F90F4355-3379-42D8-84B8-514B0AB749CB}"
EndProject
Global
	GlobalSection(SolutionConfigurationPlatforms) = preSolution
		Debug|Any CPU = Debug|Any CPU
		Release|Any CPU = Release|Any CPU
	EndGlobalSection
	GlobalSection(ProjectConfigurationPlatforms) = postSolution
		{F90F4355-3379-42D8-84B8-514B0AB749CB}.Debug|Any CPU.ActiveCfg = Debug|Any CPU
		{F90F4355-3379-42D8-84B8-514B0AB749CB}.Release|Any CPU.ActiveCfg = Release|Any CPU
	EndGlobalSection
	GlobalSection(SolutionProperties) = preSolution
		HideSolutionNode = FALSE
	EndGlobalSection
	GlobalSection(ExtensibilityGlobals) = postSolution
		SolutionGuid = {00E2C81F-8ECF-4704-ADF0-AADD2B86CD2C}
	EndGlobalSection
EndGlobal
