
Microsoft Visual Studio Solution File, Format Version 12.00
# Visual Studio Version 16
VisualStudioVersion = 16.0.30104.148
MinimumVisualStudioVersion = 10.0.40219.1
Project("{888888A0-9F3D-457C-B088-3A5042F75D52}") = "OriginalSG", "OriginalSG.pyproj", "{B5EC73BB-D29F-4924-994B-81F756EA2259}"
EndProject
Global
	GlobalSection(SolutionConfigurationPlatforms) = preSolution
		Debug|Any CPU = Debug|Any CPU
		Release|Any CPU = Release|Any CPU
	EndGlobalSection
	GlobalSection(ProjectConfigurationPlatforms) = postSolution
		{B5EC73BB-D29F-4924-994B-81F756EA2259}.Debug|Any CPU.ActiveCfg = Debug|Any CPU
		{B5EC73BB-D29F-4924-994B-81F756EA2259}.Release|Any CPU.ActiveCfg = Release|Any CPU
	EndGlobalSection
	GlobalSection(SolutionProperties) = preSolution
		HideSolutionNode = FALSE
	EndGlobalSection
	GlobalSection(ExtensibilityGlobals) = postSolution
		SolutionGuid = {246E87EB-6D3A-4FB7-B80F-7B2215510392}
	EndGlobalSection
EndGlobal
